
Microsoft Visual Studio Solution File, Format Version 12.00
Project("{2150E333-8FDC-42A3-9474-1A3956D46DE8}") = "src", "src", "{52AA3918-25AA-44EF-8EF1-96865E5CC808}"
EndProject
Project("{2150E333-8FDC-42A3-9474-1A3956D46DE8}") = "services", "services", "{03AD735A-53F0-442E-800E-AEF8FD9AD789}"
EndProject
Project("{FAE04EC0-301F-11D3-BF4B-00C04F79EFBC}") = "WebApiEx", "src\services\WebApiEx\WebApiEx.csproj", "{5FBD9A33-513E-4C6D-A245-86F3F8E1DB95}"
EndProject
Project("{2150E333-8FDC-42A3-9474-1A3956D46DE8}") = "Infrastructure", "Infrastructure", "{A19A21B3-734F-47DD-8441-2B01BCDD000B}"
EndProject
Project("{2150E333-8FDC-42A3-9474-1A3956D46DE8}") = "BaseTypes", "BaseTypes", "{7BA0D541-0AFC-41FF-A92B-C8847F4FD49D}"
EndProject
Project("{FAE04EC0-301F-11D3-BF4B-00C04F79EFBC}") = "BaseTypes", "src\Infrastructure\BaseTypes\BaseTypes\BaseTypes.csproj", "{E917329F-F53C-4447-A7ED-D7D9B1D13E36}"
EndProject
Project("{FAE04EC0-301F-11D3-BF4B-00C04F79EFBC}") = "BaseApi.Module", "src\Infrastructure\BaseTypes\BaseApi.Module\BaseApi.Module.csproj", "{F427244F-E2E9-4198-B9D7-E2FCDEBF6119}"
EndProject
Project("{2150E333-8FDC-42A3-9474-1A3956D46DE8}") = "Extensions", "Extensions", "{FE4EBFE6-6706-4FBA-AD6B-99F6A62896FF}"
EndProject
Project("{FAE04EC0-301F-11D3-BF4B-00C04F79EFBC}") = "ConfigExtensions", "src\Extensions\ConfigExtensions\ConfigExtensions.csproj", "{F4779F0E-EA3D-4CAA-A4CC-17F9BA0F8640}"
EndProject
Global
	GlobalSection(SolutionConfigurationPlatforms) = preSolution
		Debug|Any CPU = Debug|Any CPU
		Release|Any CPU = Release|Any CPU
	EndGlobalSection
	GlobalSection(ProjectConfigurationPlatforms) = postSolution
		{5FBD9A33-513E-4C6D-A245-86F3F8E1DB95}.Debug|Any CPU.ActiveCfg = Debug|Any CPU
		{5FBD9A33-513E-4C6D-A245-86F3F8E1DB95}.Debug|Any CPU.Build.0 = Debug|Any CPU
		{5FBD9A33-513E-4C6D-A245-86F3F8E1DB95}.Release|Any CPU.ActiveCfg = Release|Any CPU
		{5FBD9A33-513E-4C6D-A245-86F3F8E1DB95}.Release|Any CPU.Build.0 = Release|Any CPU
		{E917329F-F53C-4447-A7ED-D7D9B1D13E36}.Debug|Any CPU.ActiveCfg = Debug|Any CPU
		{E917329F-F53C-4447-A7ED-D7D9B1D13E36}.Debug|Any CPU.Build.0 = Debug|Any CPU
		{E917329F-F53C-4447-A7ED-D7D9B1D13E36}.Release|Any CPU.ActiveCfg = Release|Any CPU
		{E917329F-F53C-4447-A7ED-D7D9B1D13E36}.Release|Any CPU.Build.0 = Release|Any CPU
		{F427244F-E2E9-4198-B9D7-E2FCDEBF6119}.Debug|Any CPU.ActiveCfg = Debug|Any CPU
		{F427244F-E2E9-4198-B9D7-E2FCDEBF6119}.Debug|Any CPU.Build.0 = Debug|Any CPU
		{F427244F-E2E9-4198-B9D7-E2FCDEBF6119}.Release|Any CPU.ActiveCfg = Release|Any CPU
		{F427244F-E2E9-4198-B9D7-E2FCDEBF6119}.Release|Any CPU.Build.0 = Release|Any CPU
		{F4779F0E-EA3D-4CAA-A4CC-17F9BA0F8640}.Debug|Any CPU.ActiveCfg = Debug|Any CPU
		{F4779F0E-EA3D-4CAA-A4CC-17F9BA0F8640}.Debug|Any CPU.Build.0 = Debug|Any CPU
		{F4779F0E-EA3D-4CAA-A4CC-17F9BA0F8640}.Release|Any CPU.ActiveCfg = Release|Any CPU
		{F4779F0E-EA3D-4CAA-A4CC-17F9BA0F8640}.Release|Any CPU.Build.0 = Release|Any CPU
	EndGlobalSection
	GlobalSection(NestedProjects) = preSolution
		{03AD735A-53F0-442E-800E-AEF8FD9AD789} = {52AA3918-25AA-44EF-8EF1-96865E5CC808}
		{5FBD9A33-513E-4C6D-A245-86F3F8E1DB95} = {03AD735A-53F0-442E-800E-AEF8FD9AD789}
		{A19A21B3-734F-47DD-8441-2B01BCDD000B} = {52AA3918-25AA-44EF-8EF1-96865E5CC808}
		{7BA0D541-0AFC-41FF-A92B-C8847F4FD49D} = {A19A21B3-734F-47DD-8441-2B01BCDD000B}
		{E917329F-F53C-4447-A7ED-D7D9B1D13E36} = {7BA0D541-0AFC-41FF-A92B-C8847F4FD49D}
		{F427244F-E2E9-4198-B9D7-E2FCDEBF6119} = {7BA0D541-0AFC-41FF-A92B-C8847F4FD49D}
		{FE4EBFE6-6706-4FBA-AD6B-99F6A62896FF} = {52AA3918-25AA-44EF-8EF1-96865E5CC808}
		{F4779F0E-EA3D-4CAA-A4CC-17F9BA0F8640} = {FE4EBFE6-6706-4FBA-AD6B-99F6A62896FF}
	EndGlobalSection
EndGlobal
